github.com/google/uuid v1.3.0 h1:t6JiXgmwXMjEs8VusXIJk2BXHsn+wx8BZdTaoZ5fu7I=
github.com/google/uuid v1.3.0/go.mod h1:TIyPZe4MgqvfeYDBFedMoGGpEw/LqOeaOT+nhxU+yHo=
github.com/gorilla/websocket v1.5.0 h1:PPwGk2jz7EePpoHN/+ClbZu8SPxiqlu12wZP/3sWmnc=
github.com/gorilla/websocket v1.5.0/go.mod h1:YR8l580nyteQvAITg2hZ9XVh4b55+EU/adAjf1fMHhE=
github.com/gregszalay/ocpp-csms-common-types v0.0.0-20221002113125-1c2d0c557857 h1:4y0iwrOltr2Av4U1H128Pu/zUCOJg3tPRi/cx7wJ50M=
github.com/gregszalay/ocpp-csms-common-types v0.0.0-20221002113125-1c2d0c557857/go.mod h1:YNeJwK+O7gVsOz4h9bH1caEy/zRhTH605Oc4chg0awM=
github.com/gregszalay/ocpp-messages-go v0.0.0-20220923195318-07563a96dc30 h1:1uRuib7eNGyAKNwi9hYi3su/gNZYQmIi7jO0xjOs8aQ=
github.com/gregszalay/ocpp-messages-go v0.0.0-20220923195318-07563a96dc30/go.mod h1:L112aq2dovkcOBYSvaQlr1hYY+JXldcx9DWnaYmtzHk=
